
Microsoft Visual Studio Solution File, Format Version 12.00
# Visual Studio Version 17
VisualStudioVersion = 17.1.32328.378
MinimumVisualStudioVersion = 10.0.40219.1
Project("{FAE04EC0-301F-11D3-BF4B-00C04F79EFBC}") = "Phoneshop.ConsoleApp", "Phoneshop.ConsoleApp\Phoneshop.ConsoleApp.csproj", "{1C599E6F-FA93-4DA7-B2BC-BBC3BB7EB3A6}"
EndProject
Global
	GlobalSection(SolutionConfigurationPlatforms) = preSolution
		Debug|Any CPU = Debug|Any CPU
		Release|Any CPU = Release|Any CPU
	EndGlobalSection
	GlobalSection(ProjectConfigurationPlatforms) = postSolution
		{1C599E6F-FA93-4DA7-B2BC-BBC3BB7EB3A6}.Debug|Any CPU.ActiveCfg = Debug|Any CPU
		{1C599E6F-FA93-4DA7-B2BC-BBC3BB7EB3A6}.Debug|Any CPU.Build.0 = Debug|Any CPU
		{1C599E6F-FA93-4DA7-B2BC-BBC3BB7EB3A6}.Release|Any CPU.ActiveCfg = Release|Any CPU
		{1C599E6F-FA93-4DA7-B2BC-BBC3BB7EB3A6}.Release|Any CPU.Build.0 = Release|Any CPU
	EndGlobalSection
	GlobalSection(SolutionProperties) = preSolution
		HideSolutionNode = FALSE
	EndGlobalSection
	GlobalSection(ExtensibilityGlobals) = postSolution
		SolutionGuid = {D64CE317-6C12-4C31-86D3-1BF74D848B01}
	EndGlobalSection
EndGlobal
